// !$*UTF8*$!
{
	archiveVersion = 1;
	classes = {
	};
	objectVersion = 55;
	objects = {

/* Begin PBXBuildFile section */
		EDDE631829CBAEBB00081727 /* Gallery.swift in Sources */ = {isa = PBXBuildFile; fileRef = EDDE631729CBAEBB00081727 /* Gallery.swift */; };
		EDF5A8E829C736C900D8150F /* Computations.swift in Sources */ = {isa = PBXBuildFile; fileRef = EDF5A8E729C736C900D8150F /* Computations.swift */; };
		EE09599328A9521A006C28BD /* londonParksData.swift in Sources */ = {isa = PBXBuildFile; fileRef = EE09599228A9521A006C28BD /* londonParksData.swift */; };
		EE49A29E28A7D443001B1A43 /* LondonParksApp.swift in Sources */ = {isa = PBXBuildFile; fileRef = EE49A29D28A7D443001B1A43 /* LondonParksApp.swift */; };
		EE49A2A028A7D443001B1A43 /* ContentView.swift in Sources */ = {isa = PBXBuildFile; fileRef = EE49A29F28A7D443001B1A43 /* ContentView.swift */; };
		EE49A2A228A7D444001B1A43 /* Assets.xcassets in Resources */ = {isa = PBXBuildFile; fileRef = EE49A2A128A7D444001B1A43 /* Assets.xcassets */; };
		EE49A2A528A7D444001B1A43 /* Preview Assets.xcassets in Resources */ = {isa = PBXBuildFile; fileRef = EE49A2A428A7D444001B1A43 /* Preview Assets.xcassets */; };
		EE49A2AC28A7D54D001B1A43 /* londonParksData.json in Resources */ = {isa = PBXBuildFile; fileRef = EE49A2AB28A7D54D001B1A43 /* londonParksData.json */; };
		EE49A2AE28A7D58D001B1A43 /* ParkDetailsView.swift in Sources */ = {isa = PBXBuildFile; fileRef = EE49A2AD28A7D58D001B1A43 /* ParkDetailsView.swift */; };
		EE49A2B028A7D5E2001B1A43 /* ModelData.swift in Sources */ = {isa = PBXBuildFile; fileRef = EE49A2AF28A7D5E2001B1A43 /* ModelData.swift */; };
		EE49A2B228A7D67C001B1A43 /* Parks.swift in Sources */ = {isa = PBXBuildFile; fileRef = EE49A2B128A7D67C001B1A43 /* Parks.swift */; };
		EE49A2B728A80EAC001B1A43 /* landmarkData.json in Resources */ = {isa = PBXBuildFile; fileRef = EE49A2B628A80EAC001B1A43 /* landmarkData.json */; };
		EE49A2B928A841E9001B1A43 /* imageCircleTheme.swift in Sources */ = {isa = PBXBuildFile; fileRef = EE49A2B828A841E9001B1A43 /* imageCircleTheme.swift */; };
		EE49A2BC28A85A62001B1A43 /* LondonParkData.xcdatamodeld in Sources */ = {isa = PBXBuildFile; fileRef = EE49A2BA28A85A62001B1A43 /* LondonParkData.xcdatamodeld */; };
		EE49A2BF28A85E53001B1A43 /* ParksModel.swift in Sources */ = {isa = PBXBuildFile; fileRef = EE49A2BE28A85E53001B1A43 /* ParksModel.swift */; };
		EE52C96928AAF7B1004C2E00 /* MapProcess.swift in Sources */ = {isa = PBXBuildFile; fileRef = EE52C96828AAF7B1004C2E00 /* MapProcess.swift */; };
		EE52C96B28AAF914004C2E00 /* extensions.swift in Sources */ = {isa = PBXBuildFile; fileRef = EE52C96A28AAF914004C2E00 /* extensions.swift */; };
		EE65944528A95D4500E35C9C /* onBoardingCard.swift in Sources */ = {isa = PBXBuildFile; fileRef = EE65944428A95D4500E35C9C /* onBoardingCard.swift */; };
		EE65944928A9632700E35C9C /* MapView.swift in Sources */ = {isa = PBXBuildFile; fileRef = EE65944828A9632700E35C9C /* MapView.swift */; };
		EEA48C8128ABE072004657EF /* FullDetailsPage.swift in Sources */ = {isa = PBXBuildFile; fileRef = EEA48C8028ABE072004657EF /* FullDetailsPage.swift */; };
		EEA85E3C28BE6E2C0009557E /* GalleryView.swift in Sources */ = {isa = PBXBuildFile; fileRef = EEA85E3B28BE6E2C0009557E /* GalleryView.swift */; };
		EEA85E3E28BEB5000009557E /* globalData.swift in Sources */ = {isa = PBXBuildFile; fileRef = EEA85E3D28BEB5000009557E /* globalData.swift */; };
		EEA85E4028BEC90E0009557E /* geometrySizes.swift in Sources */ = {isa = PBXBuildFile; fileRef = EEA85E3F28BEC90E0009557E /* geometrySizes.swift */; };
/* End PBXBuildFile section */

/* Begin PBXFileReference section */
		EDDE631729CBAEBB00081727 /* Gallery.swift */ = {isa = PBXFileReference; lastKnownFileType = sourcecode.swift; path = Gallery.swift; sourceTree = "<group>"; };
		EDF5A8E729C736C900D8150F /* Computations.swift */ = {isa = PBXFileReference; lastKnownFileType = sourcecode.swift; path = Computations.swift; sourceTree = "<group>"; };
		EE09599228A9521A006C28BD /* londonParksData.swift */ = {isa = PBXFileReference; lastKnownFileType = sourcecode.swift; path = londonParksData.swift; sourceTree = "<group>"; };
		EE49A29A28A7D443001B1A43 /* LondonParks.app */ = {isa = PBXFileReference; explicitFileType = wrapper.application; includeInIndex = 0; path = LondonParks.app; sourceTree = BUILT_PRODUCTS_DIR; };
		EE49A29D28A7D443001B1A43 /* LondonParksApp.swift */ = {isa = PBXFileReference; lastKnownFileType = sourcecode.swift; path = LondonParksApp.swift; sourceTree = "<group>"; };
		EE49A29F28A7D443001B1A43 /* ContentView.swift */ = {isa = PBXFileReference; lastKnownFileType = sourcecode.swift; path = ContentView.swift; sourceTree = "<group>"; };
		EE49A2A128A7D444001B1A43 /* Assets.xcassets */ = {isa = PBXFileReference; lastKnownFileType = folder.assetcatalog; path = Assets.xcassets; sourceTree = "<group>"; };
		EE49A2A428A7D444001B1A43 /* Preview Assets.xcassets */ = {isa = PBXFileReference; lastKnownFileType = folder.assetcatalog; path = "Preview Assets.xcassets"; sourceTree = "<group>"; };
		EE49A2AB28A7D54D001B1A43 /* londonParksData.json */ = {isa = PBXFileReference; fileEncoding = 4; lastKnownFileType = text.json; path = londonParksData.json; sourceTree = "<group>"; };
		EE49A2AD28A7D58D001B1A43 /* ParkDetailsView.swift */ = {isa = PBXFileReference; lastKnownFileType = sourcecode.swift; path = ParkDetailsView.swift; sourceTree = "<group>"; };
		EE49A2AF28A7D5E2001B1A43 /* ModelData.swift */ = {isa = PBXFileReference; lastKnownFileType = sourcecode.swift; path = ModelData.swift; sourceTree = "<group>"; };
		EE49A2B128A7D67C001B1A43 /* Parks.swift */ = {isa = PBXFileReference; lastKnownFileType = sourcecode.swift; path = Parks.swift; sourceTree = "<group>"; };
		EE49A2B628A80EAC001B1A43 /* landmarkData.json */ = {isa = PBXFileReference; fileEncoding = 4; lastKnownFileType = text.json; path = landmarkData.json; sourceTree = "<group>"; };
		EE49A2B828A841E9001B1A43 /* imageCircleTheme.swift */ = {isa = PBXFileReference; lastKnownFileType = sourcecode.swift; path = imageCircleTheme.swift; sourceTree = "<group>"; };
		EE49A2BB28A85A62001B1A43 /* LondonParkData.xcdatamodel */ = {isa = PBXFileReference; lastKnownFileType = wrapper.xcdatamodel; path = LondonParkData.xcdatamodel; sourceTree = "<group>"; };
		EE49A2BE28A85E53001B1A43 /* ParksModel.swift */ = {isa = PBXFileReference; lastKnownFileType = sourcecode.swift; path = ParksModel.swift; sourceTree = "<group>"; };
		EE52C96828AAF7B1004C2E00 /* MapProcess.swift */ = {isa = PBXFileReference; lastKnownFileType = sourcecode.swift; path = MapProcess.swift; sourceTree = "<group>"; };
		EE52C96A28AAF914004C2E00 /* extensions.swift */ = {isa = PBXFileReference; lastKnownFileType = sourcecode.swift; path = extensions.swift; sourceTree = "<group>"; };
		EE65944428A95D4500E35C9C /* onBoardingCard.swift */ = {isa = PBXFileReference; lastKnownFileType = sourcecode.swift; path = onBoardingCard.swift; sourceTree = "<group>"; };
		EE65944828A9632700E35C9C /* MapView.swift */ = {isa = PBXFileReference; lastKnownFileType = sourcecode.swift; path = MapView.swift; sourceTree = "<group>"; };
		EEA48C8028ABE072004657EF /* FullDetailsPage.swift */ = {isa = PBXFileReference; lastKnownFileType = sourcecode.swift; path = FullDetailsPage.swift; sourceTree = "<group>"; };
		EEA85E3B28BE6E2C0009557E /* GalleryView.swift */ = {isa = PBXFileReference; lastKnownFileType = sourcecode.swift; path = GalleryView.swift; sourceTree = "<group>"; };
		EEA85E3D28BEB5000009557E /* globalData.swift */ = {isa = PBXFileReference; lastKnownFileType = sourcecode.swift; path = globalData.swift; sourceTree = "<group>"; };
		EEA85E3F28BEC90E0009557E /* geometrySizes.swift */ = {isa = PBXFileReference; lastKnownFileType = sourcecode.swift; path = geometrySizes.swift; sourceTree = "<group>"; };
/* End PBXFileReference section */

/* Begin PBXFrameworksBuildPhase section */
		EE49A29728A7D443001B1A43 /* Frameworks */ = {
			isa = PBXFrameworksBuildPhase;
			buildActionMask = 2147483647;
			files = (
			);
			runOnlyForDeploymentPostprocessing = 0;
		};
/* End PBXFrameworksBuildPhase section */

/* Begin PBXGroup section */
		EE49A29128A7D443001B1A43 = {
			isa = PBXGroup;
			children = (
				EE49A29C28A7D443001B1A43 /* LondonParks */,
				EE49A29B28A7D443001B1A43 /* Products */,
			);
			sourceTree = "<group>";
		};
		EE49A29B28A7D443001B1A43 /* Products */ = {
			isa = PBXGroup;
			children = (
				EE49A29A28A7D443001B1A43 /* LondonParks.app */,
			);
			name = Products;
			sourceTree = "<group>";
		};
		EE49A29C28A7D443001B1A43 /* LondonParks */ = {
			isa = PBXGroup;
			children = (
				EE52C96728AAF790004C2E00 /* Processing */,
				EE49A2BD28A85E36001B1A43 /* Data */,
				EE49A2B328A7DA2C001B1A43 /* Model Group */,
				EE49A2B428A7DA3B001B1A43 /* Resources Group */,
				EE49A2B528A7DA49001B1A43 /* Views Group */,
				EE49A2A128A7D444001B1A43 /* Assets.xcassets */,
				EE49A2A328A7D444001B1A43 /* Preview Content */,
			);
			path = LondonParks;
			sourceTree = "<group>";
		};
		EE49A2A328A7D444001B1A43 /* Preview Content */ = {
			isa = PBXGroup;
			children = (
				EE49A2A428A7D444001B1A43 /* Preview Assets.xcassets */,
			);
			path = "Preview Content";
			sourceTree = "<group>";
		};
		EE49A2B328A7DA2C001B1A43 /* Model Group */ = {
			isa = PBXGroup;
			children = (
				EE49A29D28A7D443001B1A43 /* LondonParksApp.swift */,
				EE49A2AF28A7D5E2001B1A43 /* ModelData.swift */,
			);
			path = "Model Group";
			sourceTree = "<group>";
		};
		EE49A2B428A7DA3B001B1A43 /* Resources Group */ = {
			isa = PBXGroup;
			children = (
				EE49A2BA28A85A62001B1A43 /* LondonParkData.xcdatamodeld */,
				EE49A2B128A7D67C001B1A43 /* Parks.swift */,
				EE49A2B628A80EAC001B1A43 /* landmarkData.json */,
			);
			path = "Resources Group";
			sourceTree = "<group>";
		};
		EE49A2B528A7DA49001B1A43 /* Views Group */ = {
			isa = PBXGroup;
			children = (
				EE49A29F28A7D443001B1A43 /* ContentView.swift */,
				EE49A2AD28A7D58D001B1A43 /* ParkDetailsView.swift */,
				EE49A2B828A841E9001B1A43 /* imageCircleTheme.swift */,
				EE65944428A95D4500E35C9C /* onBoardingCard.swift */,
				EE65944828A9632700E35C9C /* MapView.swift */,
				EEA48C8028ABE072004657EF /* FullDetailsPage.swift */,
				EEA85E3B28BE6E2C0009557E /* GalleryView.swift */,
				EDDE631729CBAEBB00081727 /* Gallery.swift */,
			);
			path = "Views Group";
			sourceTree = "<group>";
		};
		EE49A2BD28A85E36001B1A43 /* Data */ = {
			isa = PBXGroup;
			children = (
				EE49A2BE28A85E53001B1A43 /* ParksModel.swift */,
				EE09599228A9521A006C28BD /* londonParksData.swift */,
				EE49A2AB28A7D54D001B1A43 /* londonParksData.json */,
				EDF5A8E729C736C900D8150F /* Computations.swift */,
				EEA85E3D28BEB5000009557E /* globalData.swift */,
				EEA85E3F28BEC90E0009557E /* geometrySizes.swift */,
			);
			path = Data;
			sourceTree = "<group>";
		};
		EE52C96728AAF790004C2E00 /* Processing */ = {
			isa = PBXGroup;
			children = (
				EE52C96828AAF7B1004C2E00 /* MapProcess.swift */,
				EE52C96A28AAF914004C2E00 /* extensions.swift */,
			);
			path = Processing;
			sourceTree = "<group>";
		};
/* End PBXGroup section */

/* Begin PBXNativeTarget section */
		EE49A29928A7D443001B1A43 /* LondonParks */ = {
			isa = PBXNativeTarget;
			buildConfigurationList = EE49A2A828A7D444001B1A43 /* Build configuration list for PBXNativeTarget "LondonParks" */;
			buildPhases = (
				EE49A29628A7D443001B1A43 /* Sources */,
				EE49A29728A7D443001B1A43 /* Frameworks */,
				EE49A29828A7D443001B1A43 /* Resources */,
			);
			buildRules = (
			);
			dependencies = (
			);
			name = LondonParks;
			productName = LondonParks;
			productReference = EE49A29A28A7D443001B1A43 /* LondonParks.app */;
			productType = "com.apple.product-type.application";
		};
/* End PBXNativeTarget section */

/* Begin PBXProject section */
		EE49A29228A7D443001B1A43 /* Project object */ = {
			isa = PBXProject;
			attributes = {
				BuildIndependentTargetsInParallel = 1;
				LastSwiftUpdateCheck = 1340;
				LastUpgradeCheck = 1340;
				TargetAttributes = {
					EE49A29928A7D443001B1A43 = {
						CreatedOnToolsVersion = 13.4.1;
					};
				};
			};
			buildConfigurationList = EE49A29528A7D443001B1A43 /* Build configuration list for PBXProject "LondonParks" */;
			compatibilityVersion = "Xcode 13.0";
			developmentRegion = en;
			hasScannedForEncodings = 0;
			knownRegions = (
				en,
				Base,
			);
			mainGroup = EE49A29128A7D443001B1A43;
			productRefGroup = EE49A29B28A7D443001B1A43 /* Products */;
			projectDirPath = "";
			projectRoot = "";
			targets = (
				EE49A29928A7D443001B1A43 /* LondonParks */,
			);
		};
/* End PBXProject section */

/* Begin PBXResourcesBuildPhase section */
		EE49A29828A7D443001B1A43 /* Resources */ = {
			isa = PBXResourcesBuildPhase;
			buildActionMask = 2147483647;
			files = (
				EE49A2A528A7D444001B1A43 /* Preview Assets.xcassets in Resources */,
				EE49A2B728A80EAC001B1A43 /* landmarkData.json in Resources */,
				EE49A2AC28A7D54D001B1A43 /* londonParksData.json in Resources */,
				EE49A2A228A7D444001B1A43 /* Assets.xcassets in Resources */,
			);
			runOnlyForDeploymentPostprocessing = 0;
		};
/* End PBXResourcesBuildPhase section */

/* Begin PBXSourcesBuildPhase section */
		EE49A29628A7D443001B1A43 /* Sources */ = {
			isa = PBXSourcesBuildPhase;
			buildActionMask = 2147483647;
			files = (
				EE49A2BC28A85A62001B1A43 /* LondonParkData.xcdatamodeld in Sources */,
				EE09599328A9521A006C28BD /* londonParksData.swift in Sources */,
				EEA85E4028BEC90E0009557E /* geometrySizes.swift in Sources */,
				EE65944528A95D4500E35C9C /* onBoardingCard.swift in Sources */,
				EE65944928A9632700E35C9C /* MapView.swift in Sources */,
				EEA85E3C28BE6E2C0009557E /* GalleryView.swift in Sources */,
				EE49A2A028A7D443001B1A43 /* ContentView.swift in Sources */,
				EE49A2B928A841E9001B1A43 /* imageCircleTheme.swift in Sources */,
				EE49A2B228A7D67C001B1A43 /* Parks.swift in Sources */,
				EE52C96B28AAF914004C2E00 /* extensions.swift in Sources */,
				EEA85E3E28BEB5000009557E /* globalData.swift in Sources */,
				EE49A2B028A7D5E2001B1A43 /* ModelData.swift in Sources */,
				EE52C96928AAF7B1004C2E00 /* MapProcess.swift in Sources */,
				EE49A2BF28A85E53001B1A43 /* ParksModel.swift in Sources */,
				EE49A2AE28A7D58D001B1A43 /* ParkDetailsView.swift in Sources */,
				EDDE631829CBAEBB00081727 /* Gallery.swift in Sources */,
				EEA48C8128ABE072004657EF /* FullDetailsPage.swift in Sources */,
				EE49A29E28A7D443001B1A43 /* LondonParksApp.swift in Sources */,
				EDF5A8E829C736C900D8150F /* Computations.swift in Sources */,
			);
			runOnlyForDeploymentPostprocessing = 0;
		};
/* End PBXSourcesBuildPhase section */

/* Begin XCBuildConfiguration section */
		EE49A2A628A7D444001B1A43 /* Debug */ = {
			isa = XCBuildConfiguration;
			buildSettings = {
				ALWAYS_SEARCH_USER_PATHS = NO;
				CLANG_ANALYZER_NONNULL = YES;
				CLANG_ANALYZER_NUMBER_OBJECT_CONVERSION = YES_AGGRESSIVE;
				CLANG_CXX_LANGUAGE_STANDARD = "gnu++17";
				CLANG_ENABLE_MODULES = YES;
				CLANG_ENABLE_OBJC_ARC = YES;
				CLANG_ENABLE_OBJC_WEAK = YES;
				CLANG_WARN_BLOCK_CAPTURE_AUTORELEASING = YES;
				CLANG_WARN_BOOL_CONVERSION = YES;
				CLANG_WARN_COMMA = YES;
				CLANG_WARN_CONSTANT_CONVERSION = YES;
				CLANG_WARN_DEPRECATED_OBJC_IMPLEMENTATIONS = YES;
				CLANG_WARN_DIRECT_OBJC_ISA_USAGE = YES_ERROR;
				CLANG_WARN_DOCUMENTATION_COMMENTS = YES;
				CLANG_WARN_EMPTY_BODY = YES;
				CLANG_WARN_ENUM_CONVERSION = YES;
				CLANG_WARN_INFINITE_RECURSION = YES;
				CLANG_WARN_INT_CONVERSION = YES;
				CLANG_WARN_NON_LITERAL_NULL_CONVERSION = YES;
				CLANG_WARN_OBJC_IMPLICIT_RETAIN_SELF = YES;
				CLANG_WARN_OBJC_LITERAL_CONVERSION = YES;
				CLANG_WARN_OBJC_ROOT_CLASS = YES_ERROR;
				CLANG_WARN_QUOTED_INCLUDE_IN_FRAMEWORK_HEADER = YES;
				CLANG_WARN_RANGE_LOOP_ANALYSIS = YES;
				CLANG_WARN_STRICT_PROTOTYPES = YES;
				CLANG_WARN_SUSPICIOUS_MOVE = YES;
				CLANG_WARN_UNGUARDED_AVAILABILITY = YES_AGGRESSIVE;
				CLANG_WARN_UNREACHABLE_CODE = YES;
				CLANG_WARN__DUPLICATE_METHOD_MATCH = YES;
				COPY_PHASE_STRIP = NO;
				DEBUG_INFORMATION_FORMAT = dwarf;
				ENABLE_STRICT_OBJC_MSGSEND = YES;
				ENABLE_TESTABILITY = YES;
				GCC_C_LANGUAGE_STANDARD = gnu11;
				GCC_DYNAMIC_NO_PIC = NO;
				GCC_NO_COMMON_BLOCKS = YES;
				GCC_OPTIMIZATION_LEVEL = 0;
				GCC_PREPROCESSOR_DEFINITIONS = (
					"DEBUG=1",
					"$(inherited)",
				);
				GCC_WARN_64_TO_32_BIT_CONVERSION = YES;
				GCC_WARN_ABOUT_RETURN_TYPE = YES_ERROR;
				GCC_WARN_UNDECLARED_SELECTOR = YES;
				GCC_WARN_UNINITIALIZED_AUTOS = YES_AGGRESSIVE;
				GCC_WARN_UNUSED_FUNCTION = YES;
				GCC_WARN_UNUSED_VARIABLE = YES;
				INFOPLIST_KEY_NSMainStoryboardFile = "";
				IPHONEOS_DEPLOYMENT_TARGET = 16.2;
				MTL_ENABLE_DEBUG_INFO = INCLUDE_SOURCE;
				MTL_FAST_MATH = YES;
				ONLY_ACTIVE_ARCH = YES;
				SDKROOT = iphoneos;
				SWIFT_ACTIVE_COMPILATION_CONDITIONS = DEBUG;
				SWIFT_OPTIMIZATION_LEVEL = "-Onone";
			};
			name = Debug;
		};
		EE49A2A728A7D444001B1A43 /* Release */ = {
			isa = XCBuildConfiguration;
			buildSettings = {
				ALWAYS_SEARCH_USER_PATHS = NO;
				CLANG_ANALYZER_NONNULL = YES;
				CLANG_ANALYZER_NUMBER_OBJECT_CONVERSION = YES_AGGRESSIVE;
				CLANG_CXX_LANGUAGE_STANDARD = "gnu++17";
				CLANG_ENABLE_MODULES = YES;
				CLANG_ENABLE_OBJC_ARC = YES;
				CLANG_ENABLE_OBJC_WEAK = YES;
				CLANG_WARN_BLOCK_CAPTURE_AUTORELEASING = YES;
				CLANG_WARN_BOOL_CONVERSION = YES;
				CLANG_WARN_COMMA = YES;
				CLANG_WARN_CONSTANT_CONVERSION = YES;
				CLANG_WARN_DEPRECATED_OBJC_IMPLEMENTATIONS = YES;
				CLANG_WARN_DIRECT_OBJC_ISA_USAGE = YES_ERROR;
				CLANG_WARN_DOCUMENTATION_COMMENTS = YES;
				CLANG_WARN_EMPTY_BODY = YES;
				CLANG_WARN_ENUM_CONVERSION = YES;
				CLANG_WARN_INFINITE_RECURSION = YES;
				CLANG_WARN_INT_CONVERSION = YES;
				CLANG_WARN_NON_LITERAL_NULL_CONVERSION = YES;
				CLANG_WARN_OBJC_IMPLICIT_RETAIN_SELF = YES;
				CLANG_WARN_OBJC_LITERAL_CONVERSION = YES;
				CLANG_WARN_OBJC_ROOT_CLASS = YES_ERROR;
				CLANG_WARN_QUOTED_INCLUDE_IN_FRAMEWORK_HEADER = YES;
				CLANG_WARN_RANGE_LOOP_ANALYSIS = YES;
				CLANG_WARN_STRICT_PROTOTYPES = YES;
				CLANG_WARN_SUSPICIOUS_MOVE = YES;
				CLANG_WARN_UNGUARDED_AVAILABILITY = YES_AGGRESSIVE;
				CLANG_WARN_UNREACHABLE_CODE = YES;
				CLANG_WARN__DUPLICATE_METHOD_MATCH = YES;
				COPY_PHASE_STRIP = NO;
				DEBUG_INFORMATION_FORMAT = "dwarf-with-dsym";
				ENABLE_NS_ASSERTIONS = NO;
				ENABLE_STRICT_OBJC_MSGSEND = YES;
				GCC_C_LANGUAGE_STANDARD = gnu11;
				GCC_NO_COMMON_BLOCKS = YES;
				GCC_WARN_64_TO_32_BIT_CONVERSION = YES;
				GCC_WARN_ABOUT_RETURN_TYPE = YES_ERROR;
				GCC_WARN_UNDECLARED_SELECTOR = YES;
				GCC_WARN_UNINITIALIZED_AUTOS = YES_AGGRESSIVE;
				GCC_WARN_UNUSED_FUNCTION = YES;
				GCC_WARN_UNUSED_VARIABLE = YES;
				INFOPLIST_KEY_NSMainStoryboardFile = "";
				IPHONEOS_DEPLOYMENT_TARGET = 16.2;
				MTL_ENABLE_DEBUG_INFO = NO;
				MTL_FAST_MATH = YES;
				SDKROOT = iphoneos;
				SWIFT_COMPILATION_MODE = wholemodule;
				SWIFT_OPTIMIZATION_LEVEL = "-O";
				VALIDATE_PRODUCT = YES;
			};
			name = Release;
		};
		EE49A2A928A7D444001B1A43 /* Debug */ = {
			isa = XCBuildConfiguration;
			buildSettings = {
				ASSETCATALOG_COMPILER_APPICON_NAME = AppIcon;
				ASSETCATALOG_COMPILER_GLOBAL_ACCENT_COLOR_NAME = AccentColor;
				CODE_SIGN_STYLE = Automatic;
				CURRENT_PROJECT_VERSION = 1;
				DEVELOPMENT_ASSET_PATHS = "\"LondonParks/Preview Content\"";
				DEVELOPMENT_TEAM = X5BT42ZRF7;
				ENABLE_PREVIEWS = YES;
				GENERATE_INFOPLIST_FILE = YES;
				INFOPLIST_KEY_UIApplicationSceneManifest_Generation = YES;
				INFOPLIST_KEY_UIApplicationSupportsIndirectInputEvents = YES;
				INFOPLIST_KEY_UILaunchScreen_Generation = YES;
				INFOPLIST_KEY_UISupportedInterfaceOrientations_iPad = "UIInterfaceOrientationPortrait UIInterfaceOrientationPortraitUpsideDown UIInterfaceOrientationLandscapeLeft UIInterfaceOrientationLandscapeRight";
				INFOPLIST_KEY_UISupportedInterfaceOrientations_iPhone = "UIInterfaceOrientationPortrait UIInterfaceOrientationLandscapeLeft UIInterfaceOrientationLandscapeRight";
				LD_RUNPATH_SEARCH_PATHS = (
					"$(inherited)",
					"@executable_path/Frameworks",
				);
				MARKETING_VERSION = 1.0;
				PRODUCT_BUNDLE_IDENTIFIER = uk.co.parsadev.LondonParks;
				PRODUCT_NAME = "$(TARGET_NAME)";
				SWIFT_EMIT_LOC_STRINGS = YES;
				SWIFT_VERSION = 5.0;
				TARGETED_DEVICE_FAMILY = "1,2";
			};
			name = Debug;
		};
		EE49A2AA28A7D444001B1A43 /* Release */ = {
			isa = XCBuildConfiguration;
			buildSettings = {
				ASSETCATALOG_COMPILER_APPICON_NAME = AppIcon;
				ASSETCATALOG_COMPILER_GLOBAL_ACCENT_COLOR_NAME = AccentColor;
				CODE_SIGN_STYLE = Automatic;
				CURRENT_PROJECT_VERSION = 1;
				DEVELOPMENT_ASSET_PATHS = "\"LondonParks/Preview Content\"";
				DEVELOPMENT_TEAM = X5BT42ZRF7;
				ENABLE_PREVIEWS = YES;
				GENERATE_INFOPLIST_FILE = YES;
				INFOPLIST_KEY_UIApplicationSceneManifest_Generation = YES;
				INFOPLIST_KEY_UIApplicationSupportsIndirectInputEvents = YES;
				INFOPLIST_KEY_UILaunchScreen_Generation = YES;
				INFOPLIST_KEY_UISupportedInterfaceOrientations_iPad = "UIInterfaceOrientationPortrait UIInterfaceOrientationPortraitUpsideDown UIInterfaceOrientationLandscapeLeft UIInterfaceOrientationLandscapeRight";
				INFOPLIST_KEY_UISupportedInterfaceOrientations_iPhone = "UIInterfaceOrientationPortrait UIInterfaceOrientationLandscapeLeft UIInterfaceOrientationLandscapeRight";
				LD_RUNPATH_SEARCH_PATHS = (
					"$(inherited)",
					"@executable_path/Frameworks",
				);
				MARKETING_VERSION = 1.0;
				PRODUCT_BUNDLE_IDENTIFIER = uk.co.parsadev.LondonParks;
				PRODUCT_NAME = "$(TARGET_NAME)";
				SWIFT_EMIT_LOC_STRINGS = YES;
				SWIFT_VERSION = 5.0;
				TARGETED_DEVICE_FAMILY = "1,2";
			};
			name = Release;
		};
/* End XCBuildConfiguration section */

/* Begin XCConfigurationList section */
		EE49A29528A7D443001B1A43 /* Build configuration list for PBXProject "LondonParks" */ = {
			isa = XCConfigurationList;
			buildConfigurations = (
				EE49A2A628A7D444001B1A43 /* Debug */,
				EE49A2A728A7D444001B1A43 /* Release */,
			);
			defaultConfigurationIsVisible = 0;
			defaultConfigurationName = Release;
		};
		EE49A2A828A7D444001B1A43 /* Build configuration list for PBXNativeTarget "LondonParks" */ = {
			isa = XCConfigurationList;
			buildConfigurations = (
				EE49A2A928A7D444001B1A43 /* Debug */,
				EE49A2AA28A7D444001B1A43 /* Release */,
			);
			defaultConfigurationIsVisible = 0;
			defaultConfigurationName = Release;
		};
/* End XCConfigurationList section */

/* Begin XCVersionGroup section */
		EE49A2BA28A85A62001B1A43 /* LondonParkData.xcdatamodeld */ = {
			isa = XCVersionGroup;
			children = (
				EE49A2BB28A85A62001B1A43 /* LondonParkData.xcdatamodel */,
			);
			currentVersion = EE49A2BB28A85A62001B1A43 /* LondonParkData.xcdatamodel */;
			path = LondonParkData.xcdatamodeld;
			sourceTree = "<group>";
			versionGroupType = wrapper.xcdatamodel;
		};
/* End XCVersionGroup section */
	};
	rootObject = EE49A29228A7D443001B1A43 /* Project object */;
}
